
Microsoft Visual Studio Solution File, Format Version 12.00
# Visual Studio Version 16
VisualStudioVersion = 16.0.31424.327
MinimumVisualStudioVersion = 10.0.40219.1
Project("{FAE04EC0-301F-11D3-BF4B-00C04F79EFBC}") = "Lab_03_invatare_automata", "Lab_03_invatare_automata\Lab_03_invatare_automata.csproj", "{C93692F2-E3F9-4A34-A982-E4B5BB3F55C1}"
EndProject
Global
	GlobalSection(SolutionConfigurationPlatforms) = preSolution
		Debug|Any CPU = Debug|Any CPU
		Release|Any CPU = Release|Any CPU
	EndGlobalSection
	GlobalSection(ProjectConfigurationPlatforms) = postSolution
		{C93692F2-E3F9-4A34-A982-E4B5BB3F55C1}.Debug|Any CPU.ActiveCfg = Debug|Any CPU
		{C93692F2-E3F9-4A34-A982-E4B5BB3F55C1}.Debug|Any CPU.Build.0 = Debug|Any CPU
		{C93692F2-E3F9-4A34-A982-E4B5BB3F55C1}.Release|Any CPU.ActiveCfg = Release|Any CPU
		{C93692F2-E3F9-4A34-A982-E4B5BB3F55C1}.Release|Any CPU.Build.0 = Release|Any CPU
	EndGlobalSection
	GlobalSection(SolutionProperties) = preSolution
		HideSolutionNode = FALSE
	EndGlobalSection
	GlobalSection(ExtensibilityGlobals) = postSolution
		SolutionGuid = {029318A2-C036-492A-BED4-7F11D2EBCA33}
	EndGlobalSection
EndGlobal
